
Microsoft Visual Studio Solution File, Format Version 12.00
# Visual Studio Version 17
VisualStudioVersion = 17.3.32811.315
MinimumVisualStudioVersion = 10.0.40219.1
Project("{9A19103F-16F7-4668-BE54-9A1E7A4F7556}") = "Core.Application", "src\corePackages\Core.Application\Core.Application.csproj", "{0FA0C924-1389-4CE7-85FD-8F3DD913E26E}"
EndProject
Project("{2150E333-8FDC-42A3-9474-1A3956D46DE8}") = "src", "src", "{9356BBD1-7088-409E-B210-BA7584012BC5}"
EndProject
Project("{2150E333-8FDC-42A3-9474-1A3956D46DE8}") = "corePackages", "corePackages", "{DDC4CECD-A136-4456-BF89-90E403A7AAF3}"
EndProject
Project("{9A19103F-16F7-4668-BE54-9A1E7A4F7556}") = "Core.CrossCuttingConcerns", "src\corePackages\Core.CrossCuttingConcers\Core.CrossCuttingConcerns.csproj", "{E60DA810-D38E-46D4-BF0E-02B497F5C3AF}"
EndProject
Project("{9A19103F-16F7-4668-BE54-9A1E7A4F7556}") = "Core.ElasticSearch", "src\corePackages\Core.ElasticSearch\Core.ElasticSearch.csproj", "{1A12CDFD-FEEA-49F7-8140-93DAAF57362D}"
EndProject
Project("{9A19103F-16F7-4668-BE54-9A1E7A4F7556}") = "Core.Mailing", "src\corePackages\Core.Mailing\Core.Mailing.csproj", "{F58391C3-B465-4697-B137-B0A12030972D}"
EndProject
Project("{9A19103F-16F7-4668-BE54-9A1E7A4F7556}") = "Core.Persistence", "src\corePackages\Core.Persistence\Core.Persistence.csproj", "{94E526EB-823F-4D54-BC62-DC38C97D7F6F}"
EndProject
Project("{9A19103F-16F7-4668-BE54-9A1E7A4F7556}") = "Core.Security", "src\corePackages\Core.Security\Core.Security.csproj", "{A4C21861-CF07-458E-86D4-1F5AB1B5C129}"
EndProject
Project("{2150E333-8FDC-42A3-9474-1A3956D46DE8}") = "kodlama.io.Devs", "kodlama.io.Devs", "{BD14451C-D2DB-4CEB-A85D-13F62AD9A887}"
EndProject
Project("{9A19103F-16F7-4668-BE54-9A1E7A4F7556}") = "Application", "src\kodlama.io.Devs\Application\Application.csproj", "{0176D8FE-8DE9-45C9-9A28-7425A2EA5917}"
EndProject
Project("{9A19103F-16F7-4668-BE54-9A1E7A4F7556}") = "Domain", "src\kodlama.io.Devs\Domain\Domain.csproj", "{BD125F55-1A1F-45AA-A072-15EA39801931}"
EndProject
Project("{9A19103F-16F7-4668-BE54-9A1E7A4F7556}") = "Infrastructure", "src\kodlama.io.Devs\Infrastructure\Infrastructure.csproj", "{C3978396-6716-4BD4-A7BF-E03E80CBA3CA}"
EndProject
Project("{9A19103F-16F7-4668-BE54-9A1E7A4F7556}") = "Persistence", "src\kodlama.io.Devs\Persistence\Persistence.csproj", "{49371931-BE9A-4C16-A2A4-827882E430E8}"
EndProject
Project("{FAE04EC0-301F-11D3-BF4B-00C04F79EFBC}") = "WebAPI", "WebAPI\WebAPI.csproj", "{4146B7BA-D9A6-4067-BB3F-8F4C05304415}"
EndProject
Global
	GlobalSection(SolutionConfigurationPlatforms) = preSolution
		Debug|Any CPU = Debug|Any CPU
		Release|Any CPU = Release|Any CPU
	EndGlobalSection
	GlobalSection(ProjectConfigurationPlatforms) = postSolution
		{0FA0C924-1389-4CE7-85FD-8F3DD913E26E}.Debug|Any CPU.ActiveCfg = Debug|Any CPU
		{0FA0C924-1389-4CE7-85FD-8F3DD913E26E}.Debug|Any CPU.Build.0 = Debug|Any CPU
		{0FA0C924-1389-4CE7-85FD-8F3DD913E26E}.Release|Any CPU.ActiveCfg = Release|Any CPU
		{0FA0C924-1389-4CE7-85FD-8F3DD913E26E}.Release|Any CPU.Build.0 = Release|Any CPU
		{E60DA810-D38E-46D4-BF0E-02B497F5C3AF}.Debug|Any CPU.ActiveCfg = Debug|Any CPU
		{E60DA810-D38E-46D4-BF0E-02B497F5C3AF}.Debug|Any CPU.Build.0 = Debug|Any CPU
		{E60DA810-D38E-46D4-BF0E-02B497F5C3AF}.Release|Any CPU.ActiveCfg = Release|Any CPU
		{E60DA810-D38E-46D4-BF0E-02B497F5C3AF}.Release|Any CPU.Build.0 = Release|Any CPU
		{1A12CDFD-FEEA-49F7-8140-93DAAF57362D}.Debug|Any CPU.ActiveCfg = Debug|Any CPU
		{1A12CDFD-FEEA-49F7-8140-93DAAF57362D}.Debug|Any CPU.Build.0 = Debug|Any CPU
		{1A12CDFD-FEEA-49F7-8140-93DAAF57362D}.Release|Any CPU.ActiveCfg = Release|Any CPU
		{1A12CDFD-FEEA-49F7-8140-93DAAF57362D}.Release|Any CPU.Build.0 = Release|Any CPU
		{F58391C3-B465-4697-B137-B0A12030972D}.Debug|Any CPU.ActiveCfg = Debug|Any CPU
		{F58391C3-B465-4697-B137-B0A12030972D}.Debug|Any CPU.Build.0 = Debug|Any CPU
		{F58391C3-B465-4697-B137-B0A12030972D}.Release|Any CPU.ActiveCfg = Release|Any CPU
		{F58391C3-B465-4697-B137-B0A12030972D}.Release|Any CPU.Build.0 = Release|Any CPU
		{94E526EB-823F-4D54-BC62-DC38C97D7F6F}.Debug|Any CPU.ActiveCfg = Debug|Any CPU
		{94E526EB-823F-4D54-BC62-DC38C97D7F6F}.Debug|Any CPU.Build.0 = Debug|Any CPU
		{94E526EB-823F-4D54-BC62-DC38C97D7F6F}.Release|Any CPU.ActiveCfg = Release|Any CPU
		{94E526EB-823F-4D54-BC62-DC38C97D7F6F}.Release|Any CPU.Build.0 = Release|Any CPU
		{A4C21861-CF07-458E-86D4-1F5AB1B5C129}.Debug|Any CPU.ActiveCfg = Debug|Any CPU
		{A4C21861-CF07-458E-86D4-1F5AB1B5C129}.Debug|Any CPU.Build.0 = Debug|Any CPU
		{A4C21861-CF07-458E-86D4-1F5AB1B5C129}.Release|Any CPU.ActiveCfg = Release|Any CPU
		{A4C21861-CF07-458E-86D4-1F5AB1B5C129}.Release|Any CPU.Build.0 = Release|Any CPU
		{0176D8FE-8DE9-45C9-9A28-7425A2EA5917}.Debug|Any CPU.ActiveCfg = Debug|Any CPU
		{0176D8FE-8DE9-45C9-9A28-7425A2EA5917}.Debug|Any CPU.Build.0 = Debug|Any CPU
		{0176D8FE-8DE9-45C9-9A28-7425A2EA5917}.Release|Any CPU.ActiveCfg = Release|Any CPU
		{0176D8FE-8DE9-45C9-9A28-7425A2EA5917}.Release|Any CPU.Build.0 = Release|Any CPU
		{BD125F55-1A1F-45AA-A072-15EA39801931}.Debug|Any CPU.ActiveCfg = Debug|Any CPU
		{BD125F55-1A1F-45AA-A072-15EA39801931}.Debug|Any CPU.Build.0 = Debug|Any CPU
		{BD125F55-1A1F-45AA-A072-15EA39801931}.Release|Any CPU.ActiveCfg = Release|Any CPU
		{BD125F55-1A1F-45AA-A072-15EA39801931}.Release|Any CPU.Build.0 = Release|Any CPU
		{C3978396-6716-4BD4-A7BF-E03E80CBA3CA}.Debug|Any CPU.ActiveCfg = Debug|Any CPU
		{C3978396-6716-4BD4-A7BF-E03E80CBA3CA}.Debug|Any CPU.Build.0 = Debug|Any CPU
		{C3978396-6716-4BD4-A7BF-E03E80CBA3CA}.Release|Any CPU.ActiveCfg = Release|Any CPU
		{C3978396-6716-4BD4-A7BF-E03E80CBA3CA}.Release|Any CPU.Build.0 = Release|Any CPU
		{49371931-BE9A-4C16-A2A4-827882E430E8}.Debug|Any CPU.ActiveCfg = Debug|Any CPU
		{49371931-BE9A-4C16-A2A4-827882E430E8}.Debug|Any CPU.Build.0 = Debug|Any CPU
		{49371931-BE9A-4C16-A2A4-827882E430E8}.Release|Any CPU.ActiveCfg = Release|Any CPU
		{49371931-BE9A-4C16-A2A4-827882E430E8}.Release|Any CPU.Build.0 = Release|Any CPU
		{4146B7BA-D9A6-4067-BB3F-8F4C05304415}.Debug|Any CPU.ActiveCfg = Debug|Any CPU
		{4146B7BA-D9A6-4067-BB3F-8F4C05304415}.Debug|Any CPU.Build.0 = Debug|Any CPU
		{4146B7BA-D9A6-4067-BB3F-8F4C05304415}.Release|Any CPU.ActiveCfg = Release|Any CPU
		{4146B7BA-D9A6-4067-BB3F-8F4C05304415}.Release|Any CPU.Build.0 = Release|Any CPU
	EndGlobalSection
	GlobalSection(SolutionProperties) = preSolution
		HideSolutionNode = FALSE
	EndGlobalSection
	GlobalSection(NestedProjects) = preSolution
		{0FA0C924-1389-4CE7-85FD-8F3DD913E26E} = {DDC4CECD-A136-4456-BF89-90E403A7AAF3}
		{DDC4CECD-A136-4456-BF89-90E403A7AAF3} = {9356BBD1-7088-409E-B210-BA7584012BC5}
		{E60DA810-D38E-46D4-BF0E-02B497F5C3AF} = {DDC4CECD-A136-4456-BF89-90E403A7AAF3}
		{1A12CDFD-FEEA-49F7-8140-93DAAF57362D} = {DDC4CECD-A136-4456-BF89-90E403A7AAF3}
		{F58391C3-B465-4697-B137-B0A12030972D} = {DDC4CECD-A136-4456-BF89-90E403A7AAF3}
		{94E526EB-823F-4D54-BC62-DC38C97D7F6F} = {DDC4CECD-A136-4456-BF89-90E403A7AAF3}
		{A4C21861-CF07-458E-86D4-1F5AB1B5C129} = {DDC4CECD-A136-4456-BF89-90E403A7AAF3}
		{BD14451C-D2DB-4CEB-A85D-13F62AD9A887} = {9356BBD1-7088-409E-B210-BA7584012BC5}
		{0176D8FE-8DE9-45C9-9A28-7425A2EA5917} = {BD14451C-D2DB-4CEB-A85D-13F62AD9A887}
		{BD125F55-1A1F-45AA-A072-15EA39801931} = {BD14451C-D2DB-4CEB-A85D-13F62AD9A887}
		{C3978396-6716-4BD4-A7BF-E03E80CBA3CA} = {BD14451C-D2DB-4CEB-A85D-13F62AD9A887}
		{49371931-BE9A-4C16-A2A4-827882E430E8} = {BD14451C-D2DB-4CEB-A85D-13F62AD9A887}
	EndGlobalSection
	GlobalSection(ExtensibilityGlobals) = postSolution
		SolutionGuid = {BDD8DC3D-4389-4430-8FF1-F600124A3A8B}
	EndGlobalSection
EndGlobal
